
Microsoft Visual Studio Solution File, Format Version 12.00
# Visual Studio Version 16
VisualStudioVersion = 16.0.31005.135
MinimumVisualStudioVersion = 10.0.40219.1
Project("{9A19103F-16F7-4668-BE54-9A1E7A4F7556}") = "Configs", "Configs\Configs.csproj", "{B9D4811E-67DE-4D5F-B6E2-393CAC61957F}"
EndProject
Project("{FAE04EC0-301F-11D3-BF4B-00C04F79EFBC}") = "ConfigsTest", "ConfigsTest\ConfigsTest.csproj", "{614C8BCF-920E-4FCA-80A4-FF2D33DD1880}"
EndProject
Global
	GlobalSection(SolutionConfigurationPlatforms) = preSolution
		Debug|Any CPU = Debug|Any CPU
		Release|Any CPU = Release|Any CPU
	EndGlobalSection
	GlobalSection(ProjectConfigurationPlatforms) = postSolution
		{B9D4811E-67DE-4D5F-B6E2-393CAC61957F}.Debug|Any CPU.ActiveCfg = Debug|Any CPU
		{B9D4811E-67DE-4D5F-B6E2-393CAC61957F}.Debug|Any CPU.Build.0 = Debug|Any CPU
		{B9D4811E-67DE-4D5F-B6E2-393CAC61957F}.Release|Any CPU.ActiveCfg = Release|Any CPU
		{B9D4811E-67DE-4D5F-B6E2-393CAC61957F}.Release|Any CPU.Build.0 = Release|Any CPU
		{614C8BCF-920E-4FCA-80A4-FF2D33DD1880}.Debug|Any CPU.ActiveCfg = Debug|Any CPU
		{614C8BCF-920E-4FCA-80A4-FF2D33DD1880}.Debug|Any CPU.Build.0 = Debug|Any CPU
		{614C8BCF-920E-4FCA-80A4-FF2D33DD1880}.Release|Any CPU.ActiveCfg = Release|Any CPU
		{614C8BCF-920E-4FCA-80A4-FF2D33DD1880}.Release|Any CPU.Build.0 = Release|Any CPU
	EndGlobalSection
	GlobalSection(SolutionProperties) = preSolution
		HideSolutionNode = FALSE
	EndGlobalSection
	GlobalSection(ExtensibilityGlobals) = postSolution
		SolutionGuid = {46588423-38CB-4611-9B8C-2B81689589D4}
	EndGlobalSection
EndGlobal
